
Microsoft Visual Studio Solution File, Format Version 12.00
# Visual Studio Version 17
VisualStudioVersion = 17.11.35208.52
MinimumVisualStudioVersion = 10.0.40219.1
Project("{FAE04EC0-301F-11D3-BF4B-00C04F79EFBC}") = "Arrayproj", "Arrayproj.csproj", "{B8C609EE-1DD1-4D70-B27B-B7934EFFBA5F}"
EndProject
Global
	GlobalSection(SolutionConfigurationPlatforms) = preSolution
		Debug|Any CPU = Debug|Any CPU
		Release|Any CPU = Release|Any CPU
	EndGlobalSection
	GlobalSection(ProjectConfigurationPlatforms) = postSolution
		{B8C609EE-1DD1-4D70-B27B-B7934EFFBA5F}.Debug|Any CPU.ActiveCfg = Debug|Any CPU
		{B8C609EE-1DD1-4D70-B27B-B7934EFFBA5F}.Debug|Any CPU.Build.0 = Debug|Any CPU
		{B8C609EE-1DD1-4D70-B27B-B7934EFFBA5F}.Release|Any CPU.ActiveCfg = Release|Any CPU
		{B8C609EE-1DD1-4D70-B27B-B7934EFFBA5F}.Release|Any CPU.Build.0 = Release|Any CPU
	EndGlobalSection
	GlobalSection(SolutionProperties) = preSolution
		HideSolutionNode = FALSE
	EndGlobalSection
	GlobalSection(ExtensibilityGlobals) = postSolution
		SolutionGuid = {595FDE46-CB71-4EF5-A105-840559A70FD9}
	EndGlobalSection
EndGlobal
